{
    "name": "com.example.hello",
    "version": "1.0.0",
    "lockfileVersion": 1,
    "requires": true,
    "dependencies": {
        "cordova-plugin-device": {
            "version": "2.0.2",
            "resolved": "https://registry.npmjs.org/cordova-plugin-device/-/cordova-plugin-device-2.0.2.tgz",
            "integrity": "sha1-/Ajzci5n7ve2xnv8mag99q3Quro="
        }
    }
}
